
Microsoft Visual Studio Solution File, Format Version 12.00
# Visual Studio Version 17
VisualStudioVersion = 17.0.32112.339
MinimumVisualStudioVersion = 10.0.40219.1
Project("{9A19103F-16F7-4668-BE54-9A1E7A4F7556}") = "Linq_Practice", "Linq_Practice\Linq_Practice.csproj", "{5B322E9C-4EB8-409C-9065-81FC98AB7A13}"
EndProject
Project("{9A19103F-16F7-4668-BE54-9A1E7A4F7556}") = "DelegatesAndEvent_Practice", "DelegatesAndEvent_Practice\DelegatesAndEvent_Practice.csproj", "{BD908DD4-4B3B-4F79-BF99-75A975DAD442}"
EndProject
Project("{FAE04EC0-301F-11D3-BF4B-00C04F79EFBC}") = "Reflection", "Reflection\Reflection.csproj", "{04A07F3F-563A-4BD2-94AB-DE943518205B}"
EndProject
Global
	GlobalSection(SolutionConfigurationPlatforms) = preSolution
		Debug|Any CPU = Debug|Any CPU
		Release|Any CPU = Release|Any CPU
	EndGlobalSection
	GlobalSection(ProjectConfigurationPlatforms) = postSolution
		{5B322E9C-4EB8-409C-9065-81FC98AB7A13}.Debug|Any CPU.ActiveCfg = Debug|Any CPU
		{5B322E9C-4EB8-409C-9065-81FC98AB7A13}.Debug|Any CPU.Build.0 = Debug|Any CPU
		{5B322E9C-4EB8-409C-9065-81FC98AB7A13}.Release|Any CPU.ActiveCfg = Release|Any CPU
		{5B322E9C-4EB8-409C-9065-81FC98AB7A13}.Release|Any CPU.Build.0 = Release|Any CPU
		{BD908DD4-4B3B-4F79-BF99-75A975DAD442}.Debug|Any CPU.ActiveCfg = Debug|Any CPU
		{BD908DD4-4B3B-4F79-BF99-75A975DAD442}.Debug|Any CPU.Build.0 = Debug|Any CPU
		{BD908DD4-4B3B-4F79-BF99-75A975DAD442}.Release|Any CPU.ActiveCfg = Release|Any CPU
		{BD908DD4-4B3B-4F79-BF99-75A975DAD442}.Release|Any CPU.Build.0 = Release|Any CPU
		{04A07F3F-563A-4BD2-94AB-DE943518205B}.Debug|Any CPU.ActiveCfg = Debug|Any CPU
		{04A07F3F-563A-4BD2-94AB-DE943518205B}.Debug|Any CPU.Build.0 = Debug|Any CPU
		{04A07F3F-563A-4BD2-94AB-DE943518205B}.Release|Any CPU.ActiveCfg = Release|Any CPU
		{04A07F3F-563A-4BD2-94AB-DE943518205B}.Release|Any CPU.Build.0 = Release|Any CPU
	EndGlobalSection
	GlobalSection(SolutionProperties) = preSolution
		HideSolutionNode = FALSE
	EndGlobalSection
	GlobalSection(ExtensibilityGlobals) = postSolution
		SolutionGuid = {6EEE7EBC-5EB9-4342-BD72-B5EABA117C30}
	EndGlobalSection
EndGlobal
